
Microsoft Visual Studio Solution File, Format Version 12.00
# Visual Studio Version 17
VisualStudioVersion = 17.9.34728.123
MinimumVisualStudioVersion = 10.0.40219.1
Project("{9A19103F-16F7-4668-BE54-9A1E7A4F7556}") = "FlashPlanner.CLI", "FlashPlanner.CLI\FlashPlanner.CLI.csproj", "{3C446F9D-6564-42A5-9F8D-E1405C88021C}"
EndProject
Project("{9A19103F-16F7-4668-BE54-9A1E7A4F7556}") = "FlashPlanner.Search", "FlashPlanner.Search\FlashPlanner.Search.csproj", "{332714A7-3BDD-4AEC-8759-C25D52A0E848}"
EndProject
Project("{9A19103F-16F7-4668-BE54-9A1E7A4F7556}") = "FlashPlanner.Search.Tests", "FlashPlanner.Search.Tests\FlashPlanner.Search.Tests.csproj", "{CEAD8EB5-6AFF-4C03-B73D-267F9E38CD1B}"
EndProject
Project("{9A19103F-16F7-4668-BE54-9A1E7A4F7556}") = "FlashPlanner.Translator", "FlashPlanner.Translator\FlashPlanner.Translator.csproj", "{0C41AE72-D6FC-42C9-8622-3CDA3DE76951}"
EndProject
Project("{9A19103F-16F7-4668-BE54-9A1E7A4F7556}") = "FlashPlanner.Translator.Tests", "FlashPlanner.Translator.Tests\FlashPlanner.Translator.Tests.csproj", "{CD0CE757-DE76-4F00-9ADC-E30A1274E161}"
EndProject
Project("{2150E333-8FDC-42A3-9474-1A3956D46DE8}") = "Dependencies", "Dependencies", "{C84C93B9-E021-4C88-A441-4905A8B8D3A7}"
	ProjectSection(SolutionItems) = preProject
		Dependencies\readme.md = Dependencies\readme.md
	EndProjectSection
EndProject
Project("{2150E333-8FDC-42A3-9474-1A3956D46DE8}") = "Solution Items", "Solution Items", "{6B58E4F0-3D0D-4DDF-BF56-464C71595609}"
	ProjectSection(SolutionItems) = preProject
		.gitignore = .gitignore
		LICENSE.txt = LICENSE.txt
		README.md = README.md
	EndProjectSection
EndProject
Global
	GlobalSection(SolutionConfigurationPlatforms) = preSolution
		Debug|Any CPU = Debug|Any CPU
		Release|Any CPU = Release|Any CPU
	EndGlobalSection
	GlobalSection(ProjectConfigurationPlatforms) = postSolution
		{3C446F9D-6564-42A5-9F8D-E1405C88021C}.Debug|Any CPU.ActiveCfg = Debug|Any CPU
		{3C446F9D-6564-42A5-9F8D-E1405C88021C}.Debug|Any CPU.Build.0 = Debug|Any CPU
		{3C446F9D-6564-42A5-9F8D-E1405C88021C}.Release|Any CPU.ActiveCfg = Release|Any CPU
		{3C446F9D-6564-42A5-9F8D-E1405C88021C}.Release|Any CPU.Build.0 = Release|Any CPU
		{332714A7-3BDD-4AEC-8759-C25D52A0E848}.Debug|Any CPU.ActiveCfg = Debug|Any CPU
		{332714A7-3BDD-4AEC-8759-C25D52A0E848}.Debug|Any CPU.Build.0 = Debug|Any CPU
		{332714A7-3BDD-4AEC-8759-C25D52A0E848}.Release|Any CPU.ActiveCfg = Release|Any CPU
		{332714A7-3BDD-4AEC-8759-C25D52A0E848}.Release|Any CPU.Build.0 = Release|Any CPU
		{CEAD8EB5-6AFF-4C03-B73D-267F9E38CD1B}.Debug|Any CPU.ActiveCfg = Debug|Any CPU
		{CEAD8EB5-6AFF-4C03-B73D-267F9E38CD1B}.Debug|Any CPU.Build.0 = Debug|Any CPU
		{CEAD8EB5-6AFF-4C03-B73D-267F9E38CD1B}.Release|Any CPU.ActiveCfg = Release|Any CPU
		{CEAD8EB5-6AFF-4C03-B73D-267F9E38CD1B}.Release|Any CPU.Build.0 = Release|Any CPU
		{0C41AE72-D6FC-42C9-8622-3CDA3DE76951}.Debug|Any CPU.ActiveCfg = Debug|Any CPU
		{0C41AE72-D6FC-42C9-8622-3CDA3DE76951}.Debug|Any CPU.Build.0 = Debug|Any CPU
		{0C41AE72-D6FC-42C9-8622-3CDA3DE76951}.Release|Any CPU.ActiveCfg = Release|Any CPU
		{0C41AE72-D6FC-42C9-8622-3CDA3DE76951}.Release|Any CPU.Build.0 = Release|Any CPU
		{CD0CE757-DE76-4F00-9ADC-E30A1274E161}.Debug|Any CPU.ActiveCfg = Debug|Any CPU
		{CD0CE757-DE76-4F00-9ADC-E30A1274E161}.Debug|Any CPU.Build.0 = Debug|Any CPU
		{CD0CE757-DE76-4F00-9ADC-E30A1274E161}.Release|Any CPU.ActiveCfg = Release|Any CPU
		{CD0CE757-DE76-4F00-9ADC-E30A1274E161}.Release|Any CPU.Build.0 = Release|Any CPU
	EndGlobalSection
	GlobalSection(SolutionProperties) = preSolution
		HideSolutionNode = FALSE
	EndGlobalSection
	GlobalSection(ExtensibilityGlobals) = postSolution
		SolutionGuid = {1052EB8A-33C7-4101-9C9B-682C8D84ABAA}
	EndGlobalSection
EndGlobal
